
Microsoft Visual Studio Solution File, Format Version 12.00
# Visual Studio 14
VisualStudioVersion = 14.0.25420.1
MinimumVisualStudioVersion = 10.0.40219.1
Project("{FAE04EC0-301F-11D3-BF4B-00C04F79EFBC}") = "bts", "bts\bts.csproj", "{3E8621F3-0280-44BE-8781-5FFBDAAFABD0}"
EndProject
Project("{FAE04EC0-301F-11D3-BF4B-00C04F79EFBC}") = "enumTest", "enumTest\enumTest.csproj", "{A09442F2-25E7-42F5-BA2E-B0A069C0B6EF}"
EndProject
Global
	GlobalSection(SolutionConfigurationPlatforms) = preSolution
		Debug|Any CPU = Debug|Any CPU
		Release|Any CPU = Release|Any CPU
	EndGlobalSection
	GlobalSection(ProjectConfigurationPlatforms) = postSolution
		{3E8621F3-0280-44BE-8781-5FFBDAAFABD0}.Debug|Any CPU.ActiveCfg = Debug|Any CPU
		{3E8621F3-0280-44BE-8781-5FFBDAAFABD0}.Debug|Any CPU.Build.0 = Debug|Any CPU
		{3E8621F3-0280-44BE-8781-5FFBDAAFABD0}.Release|Any CPU.ActiveCfg = Release|Any CPU
		{3E8621F3-0280-44BE-8781-5FFBDAAFABD0}.Release|Any CPU.Build.0 = Release|Any CPU
		{A09442F2-25E7-42F5-BA2E-B0A069C0B6EF}.Debug|Any CPU.ActiveCfg = Debug|Any CPU
		{A09442F2-25E7-42F5-BA2E-B0A069C0B6EF}.Debug|Any CPU.Build.0 = Debug|Any CPU
		{A09442F2-25E7-42F5-BA2E-B0A069C0B6EF}.Release|Any CPU.ActiveCfg = Release|Any CPU
		{A09442F2-25E7-42F5-BA2E-B0A069C0B6EF}.Release|Any CPU.Build.0 = Release|Any CPU
	EndGlobalSection
	GlobalSection(SolutionProperties) = preSolution
		HideSolutionNode = FALSE
	EndGlobalSection
EndGlobal
